
Microsoft Visual Studio Solution File, Format Version 12.00
# Visual Studio Version 17
VisualStudioVersion = 17.10.34928.147
MinimumVisualStudioVersion = 10.0.40219.1
Project("{9A19103F-16F7-4668-BE54-9A1E7A4F7556}") = "Online Book Store", "Online Book Store.csproj", "{236D666B-BDFD-47D9-9D62-7FBB5D94C23B}"
EndProject
Global
	GlobalSection(SolutionConfigurationPlatforms) = preSolution
		Debug|Any CPU = Debug|Any CPU
		Release|Any CPU = Release|Any CPU
	EndGlobalSection
	GlobalSection(ProjectConfigurationPlatforms) = postSolution
		{236D666B-BDFD-47D9-9D62-7FBB5D94C23B}.Debug|Any CPU.ActiveCfg = Debug|Any CPU
		{236D666B-BDFD-47D9-9D62-7FBB5D94C23B}.Debug|Any CPU.Build.0 = Debug|Any CPU
		{236D666B-BDFD-47D9-9D62-7FBB5D94C23B}.Release|Any CPU.ActiveCfg = Release|Any CPU
		{236D666B-BDFD-47D9-9D62-7FBB5D94C23B}.Release|Any CPU.Build.0 = Release|Any CPU
	EndGlobalSection
	GlobalSection(SolutionProperties) = preSolution
		HideSolutionNode = FALSE
	EndGlobalSection
	GlobalSection(ExtensibilityGlobals) = postSolution
		SolutionGuid = {196B59A4-DDF6-49FA-A9E9-7F3FDD5ECA05}
	EndGlobalSection
EndGlobal
